{
  "name": "spreadsheet",
  "version": "0.0.0",
  "lockfileVersion": 3,
  "requires": true,
  "packages": {
    "": {
      "name": "spreadsheet",
      "version": "0.0.0",
      "dependencies": {
        "@tauri-apps/plugin-shell": "~2.3.5",
        "autoprefixer": "^10.5.0",
        "postcss": "^8.5.10",
        "tailwindcss": "3.4.1"
      },
      "devDependencies": {
        "@sveltejs/vite-plugin-svelte": "^7.0.0",
        "@tsconfig/svelte": "^5.0.8",
        "@types/node": "^24.12.2",
        "svelte": "^5.55.4",
        "svelte-check": "^4.4.6",
        "typescript": "~6.0.2",
        "vite": "^8.0.10"
      }
    },
    "../../node_modules/.pnpm/@sveltejs+vite-plugin-svelt_85e06ba10ec304b8445491cfef0d399a/node_modules/@sveltejs/vite-plugin-svelte": {
      "version": "7.0.0",
      "dev": true,
      "license": "MIT",
      "dependencies": {
        "deepmerge": "^4.3.1",
        "magic-string": "^0.30.21",
        "obug": "^2.1.0",
        "vitefu": "^1.1.2"
      },
      "devDependencies": {
        "@types/debug": "^4.1.12",
        "sass": "^1.94.2",
        "svelte": "^5.45.4",
        "vite": "^8.0.0-beta.7"
      },
      "engines": {
        "node": "^20.19 || ^22.12 || >=24"
      },
      "peerDependencies": {
        "svelte": "^5.46.4",
        "vite": "^8.0.0-beta.7 || ^8.0.0"
      }
    },
    "../../node_modules/.pnpm/@tauri-apps+plugin-shell@2.3.5/node_modules/@tauri-apps/plugin-shell": {
      "version": "2.3.5",
      "license": "MIT OR Apache-2.0",
      "dependencies": {
        "@tauri-apps/api": "^2.10.1"
      }
    },
    "../../node_modules/.pnpm/@tsconfig+svelte@5.0.8/node_modules/@tsconfig/svelte": {
      "version": "5.0.8",
      "dev": true,
      "license": "MIT"
    },
    "../../node_modules/.pnpm/@types+node@24.12.2/node_modules/@types/node": {
      "version": "24.12.2",
      "dev": true,
      "license": "MIT",
      "dependencies": {
        "undici-types": "~7.16.0"
      }
    },
    "../../node_modules/.pnpm/autoprefixer@10.5.0_postcss@8.5.10/node_modules/autoprefixer": {
      "version": "10.5.0",
      "funding": [
        {
          "type": "opencollective",
          "url": "https://opencollective.com/postcss/"
        },
        {
          "type": "tidelift",
          "url": "https://tidelift.com/funding/github/npm/autoprefixer"
        },
        {
          "type": "github",
          "url": "https://github.com/sponsors/ai"
        }
      ],
      "license": "MIT",
      "dependencies": {
        "browserslist": "^4.28.2",
        "caniuse-lite": "^1.0.30001787",
        "fraction.js": "^5.3.4",
        "picocolors": "^1.1.1",
        "postcss-value-parser": "^4.2.0"
      },
      "bin": {
        "autoprefixer": "bin/autoprefixer"
      },
      "engines": {
        "node": "^10 || ^12 || >=14"
      },
      "peerDependencies": {
        "postcss": "^8.1.0"
      }
    },
    "../../node_modules/.pnpm/postcss@8.5.10/node_modules/postcss": {
      "version": "8.5.10",
      "funding": [
        {
          "type": "opencollective",
          "url": "https://opencollective.com/postcss/"
        },
        {
          "type": "tidelift",
          "url": "https://tidelift.com/funding/github/npm/postcss"
        },
        {
          "type": "github",
          "url": "https://github.com/sponsors/ai"
        }
      ],
      "license": "MIT",
      "dependencies": {
        "nanoid": "^3.3.11",
        "picocolors": "^1.1.1",
        "source-map-js": "^1.2.1"
      },
      "engines": {
        "node": "^10 || ^12 || >=14"
      }
    },
    "../../node_modules/.pnpm/svelte-check@4.4.6_picomatc_e450edee4360e12c980979df9e92ee37/node_modules/svelte-check": {
      "version": "4.4.6",
      "dev": true,
      "license": "MIT",
      "dependencies": {
        "@jridgewell/trace-mapping": "^0.3.25",
        "chokidar": "^4.0.1",
        "fdir": "^6.2.0",
        "picocolors": "^1.0.0",
        "sade": "^1.7.4"
      },
      "bin": {
        "svelte-check": "bin/svelte-check"
      },
      "devDependencies": {
        "@rollup/plugin-commonjs": "^24.0.0",
        "@rollup/plugin-json": "^6.0.0",
        "@rollup/plugin-node-resolve": "^15.0.0",
        "@rollup/plugin-replace": "5.0.2",
        "@rollup/plugin-typescript": "^10.0.0",
        "@types/sade": "^1.7.2",
        "rollup": "3.7.5",
        "rollup-plugin-cleanup": "^3.2.0",
        "rollup-plugin-copy": "^3.4.0",
        "svelte": "^4.2.19",
        "svelte-language-server": "0.17.30",
        "svelte2tsx": "0.7.53",
        "typescript": "^5.9.2",
        "vscode-languageserver": "8.0.2",
        "vscode-languageserver-protocol": "3.17.2",
        "vscode-languageserver-types": "3.17.2",
        "vscode-uri": "~3.1.0"
      },
      "engines": {
        "node": ">= 18.0.0"
      },
      "peerDependencies": {
        "svelte": "^4.0.0 || ^5.0.0-next.0",
        "typescript": ">=5.0.0"
      }
    },
    "../../node_modules/.pnpm/svelte@5.55.5/node_modules/svelte": {
      "version": "5.55.5",
      "dev": true,
      "license": "MIT",
      "dependencies": {
        "@jridgewell/remapping": "^2.3.4",
        "@jridgewell/sourcemap-codec": "^1.5.0",
        "@sveltejs/acorn-typescript": "^1.0.5",
        "@types/estree": "^1.0.5",
        "@types/trusted-types": "^2.0.7",
        "acorn": "^8.12.1",
        "aria-query": "5.3.1",
        "axobject-query": "^4.1.0",
        "clsx": "^2.1.1",
        "devalue": "^5.6.4",
        "esm-env": "^1.2.1",
        "esrap": "^2.2.4",
        "is-reference": "^3.0.3",
        "locate-character": "^3.0.0",
        "magic-string": "^0.30.11",
        "zimmerframe": "^1.1.2"
      },
      "devDependencies": {
        "@jridgewell/trace-mapping": "^0.3.25",
        "@playwright/test": "^1.58.0",
        "@rollup/plugin-commonjs": "^28.0.1",
        "@rollup/plugin-node-resolve": "^15.3.0",
        "@rollup/plugin-terser": "^0.4.4",
        "@rollup/plugin-virtual": "^3.0.2",
        "@types/aria-query": "^5.0.4",
        "@types/node": "^20.11.5",
        "dts-buddy": "^0.5.5",
        "esbuild": "^0.25.10",
        "rollup": "^4.59.0",
        "source-map": "^0.7.4",
        "tinyglobby": "^0.2.12",
        "typescript": "^5.5.4",
        "vitest": "^2.1.9"
      },
      "engines": {
        "node": ">=18"
      }
    },
    "../../node_modules/.pnpm/tailwindcss@3.4.1/node_modules/tailwindcss": {
      "version": "3.4.1",
      "license": "MIT",
      "dependencies": {
        "@alloc/quick-lru": "^5.2.0",
        "arg": "^5.0.2",
        "chokidar": "^3.5.3",
        "didyoumean": "^1.2.2",
        "dlv": "^1.1.3",
        "fast-glob": "^3.3.0",
        "glob-parent": "^6.0.2",
        "is-glob": "^4.0.3",
        "jiti": "^1.19.1",
        "lilconfig": "^2.1.0",
        "micromatch": "^4.0.5",
        "normalize-path": "^3.0.0",
        "object-hash": "^3.0.0",
        "picocolors": "^1.0.0",
        "postcss": "^8.4.23",
        "postcss-import": "^15.1.0",
        "postcss-js": "^4.0.1",
        "postcss-load-config": "^4.0.1",
        "postcss-nested": "^6.0.1",
        "postcss-selector-parser": "^6.0.11",
        "resolve": "^1.22.2",
        "sucrase": "^3.32.0"
      },
      "bin": {
        "tailwind": "lib/cli.js",
        "tailwindcss": "lib/cli.js"
      },
      "devDependencies": {
        "@swc/cli": "^0.1.62",
        "@swc/core": "^1.3.55",
        "@swc/jest": "^0.2.26",
        "@swc/register": "^0.1.10",
        "autoprefixer": "^10.4.14",
        "browserslist": "^4.21.5",
        "concurrently": "^8.0.1",
        "cssnano": "^6.0.0",
        "esbuild": "^0.17.18",
        "eslint": "^8.39.0",
        "eslint-config-prettier": "^8.8.0",
        "eslint-plugin-prettier": "^4.2.1",
        "jest": "^29.6.0",
        "jest-diff": "^29.6.0",
        "lightningcss": "1.18.0",
        "prettier": "^2.8.8",
        "rimraf": "^5.0.0",
        "source-map-js": "^1.0.2",
        "turbo": "^1.9.3"
      },
      "engines": {
        "node": ">=14.0.0"
      }
    },
    "../../node_modules/.pnpm/typescript@6.0.3/node_modules/typescript": {
      "version": "6.0.3",
      "dev": true,
      "license": "Apache-2.0",
      "bin": {
        "tsc": "bin/tsc",
        "tsserver": "bin/tsserver"
      },
      "devDependencies": {
        "@dprint/formatter": "^0.4.1",
        "@dprint/typescript": "0.93.4",
        "@esfx/canceltoken": "^1.0.0",
        "@eslint/js": "^10.0.1",
        "@octokit/rest": "^22.0.1",
        "@types/chai": "^4.3.20",
        "@types/minimist": "^1.2.5",
        "@types/mocha": "^10.0.10",
        "@types/ms": "^2.1.0",
        "@types/node": "latest",
        "@types/source-map-support": "^0.5.10",
        "@types/which": "^3.0.4",
        "@typescript-eslint/rule-tester": "^8.56.1",
        "@typescript-eslint/type-utils": "^8.56.1",
        "@typescript-eslint/utils": "^8.56.1",
        "azure-devops-node-api": "^15.1.3",
        "c8": "^10.1.3",
        "chai": "^4.5.0",
        "chokidar": "^4.0.3",
        "diff": "^8.0.3",
        "dprint": "^0.49.1",
        "esbuild": "^0.27.3",
        "eslint": "^10.0.2",
        "eslint-plugin-regexp": "^3.0.0",
        "fast-xml-parser": "^5.4.1",
        "glob": "^10.5.0",
        "globals": "^17.4.0",
        "hereby": "^1.12.0",
        "jsonc-parser": "^3.3.1",
        "knip": "^5.85.0",
        "minimist": "^1.2.8",
        "mocha": "^10.8.2",
        "mocha-fivemat-progress-reporter": "^0.1.0",
        "monocart-coverage-reports": "^2.12.9",
        "ms": "^2.1.3",
        "picocolors": "^1.1.1",
        "playwright": "^1.58.2",
        "source-map-support": "^0.5.21",
        "tslib": "^2.8.1",
        "typescript": "^5.9.3",
        "typescript-eslint": "^8.56.1",
        "which": "^3.0.1"
      },
      "engines": {
        "node": ">=14.17"
      }
    },
    "../../node_modules/.pnpm/vite@8.0.10_@types+node@24.12.2_jiti@1.21.7_yaml@2.8.3/node_modules/vite": {
      "version": "8.0.10",
      "dev": true,
      "license": "MIT",
      "dependencies": {
        "lightningcss": "^1.32.0",
        "picomatch": "^4.0.4",
        "postcss": "^8.5.10",
        "rolldown": "1.0.0-rc.17",
        "tinyglobby": "^0.2.16"
      },
      "bin": {
        "vite": "bin/vite.js"
      },
      "devDependencies": {
        "@babel/parser": "^7.29.2",
        "@jridgewell/remapping": "^2.3.5",
        "@jridgewell/trace-mapping": "^0.3.31",
        "@polka/compression": "^1.0.0-next.25",
        "@rollup/plugin-alias": "^6.0.0",
        "@rollup/plugin-dynamic-import-vars": "2.1.4",
        "@rollup/pluginutils": "^5.3.0",
        "@types/escape-html": "^1.0.4",
        "@types/pnpapi": "^0.0.5",
        "@vercel/detect-agent": "^1.2.3",
        "@vitejs/devtools": "^0.1.14",
        "@vitest/utils": "4.1.4",
        "artichokie": "^0.4.3",
        "baseline-browser-mapping": "^2.10.20",
        "cac": "^7.0.0",
        "chokidar": "^3.6.0",
        "connect": "^3.7.0",
        "convert-source-map": "^2.0.0",
        "cors": "^2.8.6",
        "cross-spawn": "^7.0.6",
        "dotenv-expand": "^13.0.0",
        "es-module-lexer": "^1.7.0",
        "esbuild": "^0.28.0",
        "escape-html": "^1.0.3",
        "estree-walker": "^3.0.3",
        "etag": "^1.8.1",
        "host-validation-middleware": "^0.1.4",
        "http-proxy-3": "^1.23.2",
        "launch-editor-middleware": "^2.13.2",
        "magic-string": "^0.30.21",
        "mlly": "^1.8.2",
        "mrmime": "^2.0.1",
        "nanoid": "^5.1.9",
        "obug": "^1.0.2",
        "open": "^10.2.0",
        "parse5": "^8.0.1",
        "pathe": "^2.0.3",
        "periscopic": "^4.0.2",
        "picocolors": "^1.1.1",
        "postcss-import": "^16.1.1",
        "postcss-load-config": "^6.0.1",
        "postcss-modules": "^6.0.1",
        "premove": "^4.0.0",
        "resolve.exports": "^2.0.3",
        "rolldown-plugin-dts": "^0.23.2",
        "rollup": "^4.59.0",
        "rollup-plugin-license": "^3.7.1",
        "sass": "^1.99.0",
        "sass-embedded": "^1.99.0",
        "sirv": "^3.0.2",
        "strip-literal": "^3.1.0",
        "terser": "^5.46.1",
        "ufo": "^1.6.3",
        "ws": "^8.20.0"
      },
      "engines": {
        "node": "^20.19.0 || >=22.12.0"
      },
      "funding": {
        "url": "https://github.com/vitejs/vite?sponsor=1"
      },
      "optionalDependencies": {
        "fsevents": "~2.3.3"
      },
      "peerDependencies": {
        "@types/node": "^20.19.0 || >=22.12.0",
        "@vitejs/devtools": "^0.1.0",
        "esbuild": "^0.27.0 || ^0.28.0",
        "jiti": ">=1.21.0",
        "less": "^4.0.0",
        "sass": "^1.70.0",
        "sass-embedded": "^1.70.0",
        "stylus": ">=0.54.8",
        "sugarss": "^5.0.0",
        "terser": "^5.16.0",
        "tsx": "^4.8.1",
        "yaml": "^2.4.2"
      },
      "peerDependenciesMeta": {
        "@types/node": {
          "optional": true
        },
        "@vitejs/devtools": {
          "optional": true
        },
        "esbuild": {
          "optional": true
        },
        "jiti": {
          "optional": true
        },
        "less": {
          "optional": true
        },
        "sass": {
          "optional": true
        },
        "sass-embedded": {
          "optional": true
        },
        "stylus": {
          "optional": true
        },
        "sugarss": {
          "optional": true
        },
        "terser": {
          "optional": true
        },
        "tsx": {
          "optional": true
        },
        "yaml": {
          "optional": true
        }
      }
    },
    "node_modules/@sveltejs/vite-plugin-svelte": {
      "resolved": "../../node_modules/.pnpm/@sveltejs+vite-plugin-svelt_85e06ba10ec304b8445491cfef0d399a/node_modules/@sveltejs/vite-plugin-svelte",
      "link": true
    },
    "node_modules/@tauri-apps/plugin-shell": {
      "resolved": "../../node_modules/.pnpm/@tauri-apps+plugin-shell@2.3.5/node_modules/@tauri-apps/plugin-shell",
      "link": true
    },
    "node_modules/@tsconfig/svelte": {
      "resolved": "../../node_modules/.pnpm/@tsconfig+svelte@5.0.8/node_modules/@tsconfig/svelte",
      "link": true
    },
    "node_modules/@types/node": {
      "resolved": "../../node_modules/.pnpm/@types+node@24.12.2/node_modules/@types/node",
      "link": true
    },
    "node_modules/autoprefixer": {
      "resolved": "../../node_modules/.pnpm/autoprefixer@10.5.0_postcss@8.5.10/node_modules/autoprefixer",
      "link": true
    },
    "node_modules/postcss": {
      "resolved": "../../node_modules/.pnpm/postcss@8.5.10/node_modules/postcss",
      "link": true
    },
    "node_modules/svelte": {
      "resolved": "../../node_modules/.pnpm/svelte@5.55.5/node_modules/svelte",
      "link": true
    },
    "node_modules/svelte-check": {
      "resolved": "../../node_modules/.pnpm/svelte-check@4.4.6_picomatc_e450edee4360e12c980979df9e92ee37/node_modules/svelte-check",
      "link": true
    },
    "node_modules/tailwindcss": {
      "resolved": "../../node_modules/.pnpm/tailwindcss@3.4.1/node_modules/tailwindcss",
      "link": true
    },
    "node_modules/typescript": {
      "resolved": "../../node_modules/.pnpm/typescript@6.0.3/node_modules/typescript",
      "link": true
    },
    "node_modules/vite": {
      "resolved": "../../node_modules/.pnpm/vite@8.0.10_@types+node@24.12.2_jiti@1.21.7_yaml@2.8.3/node_modules/vite",
      "link": true
    }
  }
}
